{
    "name": "diff-text",
    "version": "1.0.38",
    "lockfileVersion": 3,
    "requires": true,
    "packages": {
        "": {
            "name": "diff-text",
            "version": "1.0.38",
            "license": "LGPL-3",
            "dependencies": {
                "diff": "^8.0.2"
            }
        },
        "node_modules/diff": {
            "version": "8.0.2",
            "resolved": "https://registry.npmjs.org/diff/-/diff-8.0.2.tgz",
            "integrity": "sha512-sSuxWU5j5SR9QQji/o2qMvqRNYRDOcBTgsJ/DeCf4iSN4gW+gNMXM7wFIP+fdXZxoNiAnHUTGjCr+TSWXdRDKg==",
            "engines": {
                "node": ">=0.3.1"
            }
        }
    }
}
