{
    "name": "diff-text",
    "version": "0.0.1",
    "lockfileVersion": 3,
    "requires": true,
    "packages": {
        "": {
            "name": "diff-text",
            "version": "0.0.1",
            "license": "LGPL-3",
            "dependencies": {
                "jsdiff": "^1.1.1"
            }
        },
        "node_modules/is-equal": {
            "version": "0.1.0",
            "resolved": "https://registry.npmjs.org/is-equal/-/is-equal-0.1.0.tgz",
            "integrity": "sha512-TXeTngl99D9PltZtHiuAJE8YpG7V3KR8Djya8SQQ9MMJ+nDuAui+AxQY8a0y8csxUlOn/ZpFj4ACh8semteBGQ==",
            "engines": {
                "node": ">= 0.4"
            }
        },
        "node_modules/jsdiff": {
            "version": "1.1.1",
            "resolved": "https://registry.npmjs.org/jsdiff/-/jsdiff-1.1.1.tgz",
            "integrity": "sha512-a3k+sL1kZ9cGcEzu+4juqCp4QbEDibhu0mHSlBL/fNmekWyfRpffZ8tGhlxD3mBNVLa/GCYeTwxex351hGlerw==",
            "dependencies": {
                "is-equal": "~0.1.0"
            }
        }
    }
}
