{
  "name": "i18n-mixin",
  "version": "0.0.1",
  "lockfileVersion": 3,
  "requires": true,
  "packages": {
    "": {
      "name": "i18n-mixin",
      "version": "0.0.1",
      "license": "LGPL-3",
      "dependencies": {
        "@open-wc/context-protocol": "^0.0.9"
      }
    },
    "node_modules/@open-wc/context-protocol": {
      "version": "0.0.9",
      "resolved": "https://registry.npmjs.org/@open-wc/context-protocol/-/context-protocol-0.0.9.tgz",
      "integrity": "sha512-3mMJ16BbRqFaZNR7ongBJEEvAjZFBpo5qUtc2dk/rlk3k09AVRp2Dcldu5VTB0r/tsWdfExbRLlCw/8f3cD/kQ=="
    }
  }
}
